{
  "nodes": {
    "janet-nix": {
      "inputs": {
        "nixpkgs": [
          "nixpkgs"
        ]
      },
      "locked": {
        "lastModified": 1685774487,
        "narHash": "sha256-VH7qzeU+UU+x3wUBxWCKVHsBb66hTNk4/K6KOkpPGY0=",
        "owner": "turnerdev",
        "repo": "janet-nix",
        "rev": "dadf3f220cdf74e6690fbbf6ca6e8cce510099fa",
        "type": "github"
      },
      "original": {
        "owner": "turnerdev",
        "repo": "janet-nix",
        "type": "github"
      }
    },
    "nixpkgs": {
      "locked": {
        "lastModified": 1685655444,
        "narHash": "sha256-6EujQNAeaUkWvpEZZcVF8qSfQrNVWFNNGbUJxv/A5a8=",
        "owner": "NixOS",
        "repo": "nixpkgs",
        "rev": "e635192892f5abbc2289eaac3a73cdb249abaefd",
        "type": "github"
      },
      "original": {
        "owner": "NixOS",
        "ref": "nixos-unstable",
        "repo": "nixpkgs",
        "type": "github"
      }
    },
    "root": {
      "inputs": {
        "janet-nix": "janet-nix",
        "nixpkgs": "nixpkgs"
      }
    }
  },
  "root": "root",
  "version": 7
}
